
Microsoft Visual Studio Solution File, Format Version 12.00
# Visual Studio Version 17
VisualStudioVersion = 17.9.34607.119
MinimumVisualStudioVersion = 10.0.40219.1
Project("{FAE04EC0-301F-11D3-BF4B-00C04F79EFBC}") = "Proyecto de Diseño y Desarrollo de Sistemas", "Proyecto de Diseño y Desarrollo de Sistemas.csproj", "{225C1EF1-8852-455B-BC55-B975320C39DA}"
EndProject
Global
	GlobalSection(SolutionConfigurationPlatforms) = preSolution
		Debug|Any CPU = Debug|Any CPU
		Release|Any CPU = Release|Any CPU
	EndGlobalSection
	GlobalSection(ProjectConfigurationPlatforms) = postSolution
		{225C1EF1-8852-455B-BC55-B975320C39DA}.Debug|Any CPU.ActiveCfg = Debug|Any CPU
		{225C1EF1-8852-455B-BC55-B975320C39DA}.Debug|Any CPU.Build.0 = Debug|Any CPU
		{225C1EF1-8852-455B-BC55-B975320C39DA}.Release|Any CPU.ActiveCfg = Release|Any CPU
		{225C1EF1-8852-455B-BC55-B975320C39DA}.Release|Any CPU.Build.0 = Release|Any CPU
	EndGlobalSection
	GlobalSection(SolutionProperties) = preSolution
		HideSolutionNode = FALSE
	EndGlobalSection
	GlobalSection(ExtensibilityGlobals) = postSolution
		SolutionGuid = {7D1A14D7-D52A-427C-A96E-4C1365023D8A}
	EndGlobalSection
EndGlobal
